Microsoft Visual Studio Solution File, Format Version 12.00
# Visual Studio Version 17
VisualStudioVersion = 17.5.2.0
MinimumVisualStudioVersion = 10.0.40219.1
Project("{FAE04EC0-301F-11D3-BF4B-00C04F79EFBC}") = "greatreads", "greatreads.csproj", "{180786D3-6B6C-1072-AEC6-87ECAF0A3756}"
EndProject
Global
	GlobalSection(SolutionConfigurationPlatforms) = preSolution
		Debug|Any CPU = Debug|Any CPU
		Release|Any CPU = Release|Any CPU
	EndGlobalSection
	GlobalSection(ProjectConfigurationPlatforms) = postSolution
		{180786D3-6B6C-1072-AEC6-87ECAF0A3756}.Debug|Any CPU.ActiveCfg = Debug|Any CPU
		{180786D3-6B6C-1072-AEC6-87ECAF0A3756}.Debug|Any CPU.Build.0 = Debug|Any CPU
		{180786D3-6B6C-1072-AEC6-87ECAF0A3756}.Release|Any CPU.ActiveCfg = Release|Any CPU
		{180786D3-6B6C-1072-AEC6-87ECAF0A3756}.Release|Any CPU.Build.0 = Release|Any CPU
	EndGlobalSection
	GlobalSection(SolutionProperties) = preSolution
		HideSolutionNode = FALSE
	EndGlobalSection
	GlobalSection(ExtensibilityGlobals) = postSolution
		SolutionGuid = {DA903225-9499-47B2-A3EB-F4B08B14FE01}
	EndGlobalSection
EndGlobal
